{
    "requires": true,
    "lockfileVersion": 1,
    "dependencies": {
        "follow-redirects": {
            "version": "1.13.3",
            "resolved": "https://registry.npmjs.org/follow-redirects/-/follow-redirects-1.13.3.tgz",
            "integrity": "sha512-DUgl6+HDzB0iEptNQEXLx/KhTmDb8tZUHSeLqpnjpknR70H0nC2t9N73BK6fN4hOvJ84pKlIQVQ4k5FFlBedKA=="
        }
    }
}
